Microsoft Visual Studio Solution File, Format Version 12.00
# Visual Studio Version 17
VisualStudioVersion = 17.5.2.0
MinimumVisualStudioVersion = 10.0.40219.1
Project("{2150E333-8FDC-42A3-9474-1A3956D46DE8}") = "tests", "tests", "{0AB3BF05-4346-4AA6-1389-037BE0695223}"
EndProject
Project("{2150E333-8FDC-42A3-9474-1A3956D46DE8}") = "src", "src", "{827E0CD3-B72D-47B6-A68D-7590B98EB39B}"
EndProject
Project("{FAE04EC0-301F-11D3-BF4B-00C04F79EFBC}") = "Orchestrator.App.Tests", "tests\Orchestrator.App.Tests.csproj", "{182A8D00-1B04-42E7-DA95-35C36C953206}"
EndProject
Project("{FAE04EC0-301F-11D3-BF4B-00C04F79EFBC}") = "Orchestrator.App", "src\Orchestrator.App\Orchestrator.App.csproj", "{95AD2A38-E153-31F0-B586-1FA0A1D4BE02}"
EndProject
Global
	GlobalSection(SolutionConfigurationPlatforms) = preSolution
		Debug|Any CPU = Debug|Any CPU
		Release|Any CPU = Release|Any CPU
	EndGlobalSection
	GlobalSection(ProjectConfigurationPlatforms) = postSolution
		{182A8D00-1B04-42E7-DA95-35C36C953206}.Debug|Any CPU.ActiveCfg = Debug|Any CPU
		{182A8D00-1B04-42E7-DA95-35C36C953206}.Debug|Any CPU.Build.0 = Debug|Any CPU
		{182A8D00-1B04-42E7-DA95-35C36C953206}.Release|Any CPU.ActiveCfg = Release|Any CPU
		{182A8D00-1B04-42E7-DA95-35C36C953206}.Release|Any CPU.Build.0 = Release|Any CPU
		{95AD2A38-E153-31F0-B586-1FA0A1D4BE02}.Debug|Any CPU.ActiveCfg = Debug|Any CPU
		{95AD2A38-E153-31F0-B586-1FA0A1D4BE02}.Debug|Any CPU.Build.0 = Debug|Any CPU
		{95AD2A38-E153-31F0-B586-1FA0A1D4BE02}.Release|Any CPU.ActiveCfg = Release|Any CPU
		{95AD2A38-E153-31F0-B586-1FA0A1D4BE02}.Release|Any CPU.Build.0 = Release|Any CPU
	EndGlobalSection
	GlobalSection(SolutionProperties) = preSolution
		HideSolutionNode = FALSE
	EndGlobalSection
	GlobalSection(NestedProjects) = preSolution
		{182A8D00-1B04-42E7-DA95-35C36C953206} = {0AB3BF05-4346-4AA6-1389-037BE0695223}
		{95AD2A38-E153-31F0-B586-1FA0A1D4BE02} = {827E0CD3-B72D-47B6-A68D-7590B98EB39B}
	EndGlobalSection
	GlobalSection(ExtensibilityGlobals) = postSolution
		SolutionGuid = {445894B9-497A-477E-9D44-2171A87CA7DB}
	EndGlobalSection
EndGlobal
